
Microsoft Visual Studio Solution File, Format Version 12.00
# Visual Studio Version 17
VisualStudioVersion = 17.4.33122.133
MinimumVisualStudioVersion = 10.0.40219.1
Project("{FAE04EC0-301F-11D3-BF4B-00C04F79EFBC}") = "ConsoleApp1", "ConsoleApp1\ConsoleApp1.csproj", "{D9BB07F8-A1F6-4F54-B7C4-C54DAC94AB6E}"
EndProject
Global
	GlobalSection(SolutionConfigurationPlatforms) = preSolution
		Debug|Any CPU = Debug|Any CPU
		Release|Any CPU = Release|Any CPU
	EndGlobalSection
	GlobalSection(ProjectConfigurationPlatforms) = postSolution
		{D9BB07F8-A1F6-4F54-B7C4-C54DAC94AB6E}.Debug|Any CPU.ActiveCfg = Debug|Any CPU
		{D9BB07F8-A1F6-4F54-B7C4-C54DAC94AB6E}.Debug|Any CPU.Build.0 = Debug|Any CPU
		{D9BB07F8-A1F6-4F54-B7C4-C54DAC94AB6E}.Release|Any CPU.ActiveCfg = Release|Any CPU
		{D9BB07F8-A1F6-4F54-B7C4-C54DAC94AB6E}.Release|Any CPU.Build.0 = Release|Any CPU
	EndGlobalSection
	GlobalSection(SolutionProperties) = preSolution
		HideSolutionNode = FALSE
	EndGlobalSection
	GlobalSection(ExtensibilityGlobals) = postSolution
		SolutionGuid = {5BBD6E62-B25C-4FD0-BA83-0FCF5A7C38D1}
	EndGlobalSection
EndGlobal
