
Microsoft Visual Studio Solution File, Format Version 12.00
# Visual Studio Version 17
VisualStudioVersion = 17.6.33626.354
MinimumVisualStudioVersion = 10.0.40219.1
Project("{FAE04EC0-301F-11D3-BF4B-00C04F79EFBC}") = "ConsoleApp1", "ConsoleApp1\ConsoleApp1.csproj", "{311B0DE4-92D8-4CC5-9C55-1D0F727034C0}"
EndProject
Global
	GlobalSection(SolutionConfigurationPlatforms) = preSolution
		Debug|Any CPU = Debug|Any CPU
		Release|Any CPU = Release|Any CPU
	EndGlobalSection
	GlobalSection(ProjectConfigurationPlatforms) = postSolution
		{311B0DE4-92D8-4CC5-9C55-1D0F727034C0}.Debug|Any CPU.ActiveCfg = Debug|Any CPU
		{311B0DE4-92D8-4CC5-9C55-1D0F727034C0}.Debug|Any CPU.Build.0 = Debug|Any CPU
		{311B0DE4-92D8-4CC5-9C55-1D0F727034C0}.Release|Any CPU.ActiveCfg = Release|Any CPU
		{311B0DE4-92D8-4CC5-9C55-1D0F727034C0}.Release|Any CPU.Build.0 = Release|Any CPU
	EndGlobalSection
	GlobalSection(SolutionProperties) = preSolution
		HideSolutionNode = FALSE
	EndGlobalSection
	GlobalSection(ExtensibilityGlobals) = postSolution
		SolutionGuid = {6C483C15-8B4C-4BCC-B2FD-083810BF6514}
	EndGlobalSection
EndGlobal
