
Microsoft Visual Studio Solution File, Format Version 12.00
# Visual Studio Version 17
VisualStudioVersion = 17.6.33626.354
MinimumVisualStudioVersion = 10.0.40219.1
Project("{FAE04EC0-301F-11D3-BF4B-00C04F79EFBC}") = "ConsoleApp1", "ConsoleApp1\ConsoleApp1.csproj", "{8424C69C-CB9B-41C6-AA82-A8564F6134CE}"
EndProject
Global
	GlobalSection(SolutionConfigurationPlatforms) = preSolution
		Debug|Any CPU = Debug|Any CPU
		Release|Any CPU = Release|Any CPU
	EndGlobalSection
	GlobalSection(ProjectConfigurationPlatforms) = postSolution
		{8424C69C-CB9B-41C6-AA82-A8564F6134CE}.Debug|Any CPU.ActiveCfg = Debug|Any CPU
		{8424C69C-CB9B-41C6-AA82-A8564F6134CE}.Debug|Any CPU.Build.0 = Debug|Any CPU
		{8424C69C-CB9B-41C6-AA82-A8564F6134CE}.Release|Any CPU.ActiveCfg = Release|Any CPU
		{8424C69C-CB9B-41C6-AA82-A8564F6134CE}.Release|Any CPU.Build.0 = Release|Any CPU
	EndGlobalSection
	GlobalSection(SolutionProperties) = preSolution
		HideSolutionNode = FALSE
	EndGlobalSection
	GlobalSection(ExtensibilityGlobals) = postSolution
		SolutionGuid = {6A1F1E76-DC43-4193-985A-AD8E6A6F1E0A}
	EndGlobalSection
EndGlobal
