
Microsoft Visual Studio Solution File, Format Version 12.00
# Visual Studio Version 17
VisualStudioVersion = 17.5.33516.290
MinimumVisualStudioVersion = 10.0.40219.1
Project("{FAE04EC0-301F-11D3-BF4B-00C04F79EFBC}") = "ConsoleApp1", "ConsoleApp1\ConsoleApp1.csproj", "{55D35366-2D95-404F-B466-9C00C3E027D3}"
EndProject
Global
	GlobalSection(SolutionConfigurationPlatforms) = preSolution
		Debug|Any CPU = Debug|Any CPU
		Release|Any CPU = Release|Any CPU
	EndGlobalSection
	GlobalSection(ProjectConfigurationPlatforms) = postSolution
		{55D35366-2D95-404F-B466-9C00C3E027D3}.Debug|Any CPU.ActiveCfg = Debug|Any CPU
		{55D35366-2D95-404F-B466-9C00C3E027D3}.Debug|Any CPU.Build.0 = Debug|Any CPU
		{55D35366-2D95-404F-B466-9C00C3E027D3}.Release|Any CPU.ActiveCfg = Release|Any CPU
		{55D35366-2D95-404F-B466-9C00C3E027D3}.Release|Any CPU.Build.0 = Release|Any CPU
	EndGlobalSection
	GlobalSection(SolutionProperties) = preSolution
		HideSolutionNode = FALSE
	EndGlobalSection
	GlobalSection(ExtensibilityGlobals) = postSolution
		SolutionGuid = {3876FE02-CEE8-4E35-86C0-A3D5796EA2AD}
	EndGlobalSection
EndGlobal
