
Microsoft Visual Studio Solution File, Format Version 12.00
# Visual Studio Version 17
VisualStudioVersion = 17.4.33122.133
MinimumVisualStudioVersion = 10.0.40219.1
Project("{FAE04EC0-301F-11D3-BF4B-00C04F79EFBC}") = "IAmLearningCSharp", "IAmLearningCSharp\IAmLearningCSharp.csproj", "{02BAD92A-FF48-4641-A53B-F15D20F1A7F9}"
EndProject
Global
	GlobalSection(SolutionConfigurationPlatforms) = preSolution
		Debug|Any CPU = Debug|Any CPU
		Release|Any CPU = Release|Any CPU
	EndGlobalSection
	GlobalSection(ProjectConfigurationPlatforms) = postSolution
		{02BAD92A-FF48-4641-A53B-F15D20F1A7F9}.Debug|Any CPU.ActiveCfg = Debug|Any CPU
		{02BAD92A-FF48-4641-A53B-F15D20F1A7F9}.Debug|Any CPU.Build.0 = Debug|Any CPU
		{02BAD92A-FF48-4641-A53B-F15D20F1A7F9}.Release|Any CPU.ActiveCfg = Release|Any CPU
		{02BAD92A-FF48-4641-A53B-F15D20F1A7F9}.Release|Any CPU.Build.0 = Release|Any CPU
	EndGlobalSection
	GlobalSection(SolutionProperties) = preSolution
		HideSolutionNode = FALSE
	EndGlobalSection
	GlobalSection(ExtensibilityGlobals) = postSolution
		SolutionGuid = {A4C0760C-F657-412B-B1F6-624BB46313A8}
	EndGlobalSection
EndGlobal
